PODS:
  - Alamofire (5.2.2)
  - PresenterKit (6.1.0)
  - SDWebImage (5.8.4):
    - SDWebImage/Core (= 5.8.4)
  - SDWebImage/Core (5.8.4)

DEPENDENCIES:
  - Alamofire (~> 5.2)
  - PresenterKit (~> 6.1.0)
  - SDWebImage (~> 5.0)

SPEC REPOS:
  trunk:
    - Alamofire
    - PresenterKit
    - SDWebImage

SPEC CHECKSUMS:
  Alamofire: 814429acc853c6c54ff123fc3d2ef66803823ce0
  PresenterKit: ae7f56f7ce21227c80e151e4374618a4ef676d5f
  SDWebImage: cf6922231e95550934da2ada0f20f2becf2ceba9

PODFILE CHECKSUM: e363f220d1ebf70d023eb2209b94d2367f5c50d0

COCOAPODS: 1.9.3
